
Microsoft Visual Studio Solution File, Format Version 12.00
# Visual Studio Version 16
VisualStudioVersion = 16.0.30011.22
MinimumVisualStudioVersion = 10.0.40219.1
Project("{9A19103F-16F7-4668-BE54-9A1E7A4F7556}") = "SWAPI Lab 23", "Day30StarWarsAPIs\SWAPI Lab 23.csproj", "{B6E4B234-D5A4-4920-896D-31EA41B6EA4F}"
EndProject
Global
	GlobalSection(SolutionConfigurationPlatforms) = preSolution
		Debug|Any CPU = Debug|Any CPU
		Release|Any CPU = Release|Any CPU
	EndGlobalSection
	GlobalSection(ProjectConfigurationPlatforms) = postSolution
		{B6E4B234-D5A4-4920-896D-31EA41B6EA4F}.Debug|Any CPU.ActiveCfg = Debug|Any CPU
		{B6E4B234-D5A4-4920-896D-31EA41B6EA4F}.Debug|Any CPU.Build.0 = Debug|Any CPU
		{B6E4B234-D5A4-4920-896D-31EA41B6EA4F}.Release|Any CPU.ActiveCfg = Release|Any CPU
		{B6E4B234-D5A4-4920-896D-31EA41B6EA4F}.Release|Any CPU.Build.0 = Release|Any CPU
	EndGlobalSection
	GlobalSection(SolutionProperties) = preSolution
		HideSolutionNode = FALSE
	EndGlobalSection
	GlobalSection(ExtensibilityGlobals) = postSolution
		SolutionGuid = {55F3CDC2-B2EC-412D-A69A-5F46A0BD3E70}
	EndGlobalSection
EndGlobal
